
Microsoft Visual Studio Solution File, Format Version 12.00
# Visual Studio Version 17
VisualStudioVersion = 17.2.32616.157
MinimumVisualStudioVersion = 10.0.40219.1
Project("{FAE04EC0-301F-11D3-BF4B-00C04F79EFBC}") = "IntroWebAPI", "IntroWebAPI\IntroWebAPI.csproj", "{C7E8DE9F-0EB4-425D-B927-47160CD10746}"
EndProject
Global
	GlobalSection(SolutionConfigurationPlatforms) = preSolution
		Debug|Any CPU = Debug|Any CPU
		Release|Any CPU = Release|Any CPU
	EndGlobalSection
	GlobalSection(ProjectConfigurationPlatforms) = postSolution
		{C7E8DE9F-0EB4-425D-B927-47160CD10746}.Debug|Any CPU.ActiveCfg = Debug|Any CPU
		{C7E8DE9F-0EB4-425D-B927-47160CD10746}.Debug|Any CPU.Build.0 = Debug|Any CPU
		{C7E8DE9F-0EB4-425D-B927-47160CD10746}.Release|Any CPU.ActiveCfg = Release|Any CPU
		{C7E8DE9F-0EB4-425D-B927-47160CD10746}.Release|Any CPU.Build.0 = Release|Any CPU
	EndGlobalSection
	GlobalSection(SolutionProperties) = preSolution
		HideSolutionNode = FALSE
	EndGlobalSection
	GlobalSection(ExtensibilityGlobals) = postSolution
		SolutionGuid = {48D68F46-B037-4838-8BEC-199D50173519}
	EndGlobalSection
EndGlobal
