
Microsoft Visual Studio Solution File, Format Version 12.00
# Visual Studio Version 17
VisualStudioVersion = 17.2.32616.157
MinimumVisualStudioVersion = 10.0.40219.1
Project("{FAE04EC0-301F-11D3-BF4B-00C04F79EFBC}") = "Association", "Association\Association.csproj", "{8E536804-FD67-4BBA-B7C2-C8CB895000FB}"
EndProject
Global
	GlobalSection(SolutionConfigurationPlatforms) = preSolution
		Debug|Any CPU = Debug|Any CPU
		Release|Any CPU = Release|Any CPU
	EndGlobalSection
	GlobalSection(ProjectConfigurationPlatforms) = postSolution
		{8E536804-FD67-4BBA-B7C2-C8CB895000FB}.Debug|Any CPU.ActiveCfg = Debug|Any CPU
		{8E536804-FD67-4BBA-B7C2-C8CB895000FB}.Debug|Any CPU.Build.0 = Debug|Any CPU
		{8E536804-FD67-4BBA-B7C2-C8CB895000FB}.Release|Any CPU.ActiveCfg = Release|Any CPU
		{8E536804-FD67-4BBA-B7C2-C8CB895000FB}.Release|Any CPU.Build.0 = Release|Any CPU
	EndGlobalSection
	GlobalSection(SolutionProperties) = preSolution
		HideSolutionNode = FALSE
	EndGlobalSection
	GlobalSection(ExtensibilityGlobals) = postSolution
		SolutionGuid = {60F57E77-BC42-44E2-BF4E-79E2FFC1C82F}
	EndGlobalSection
EndGlobal
