
Microsoft Visual Studio Solution File, Format Version 12.00
# Visual Studio Version 17
VisualStudioVersion = 17.2.32616.157
MinimumVisualStudioVersion = 10.0.40219.1
Project("{FAE04EC0-301F-11D3-BF4B-00C04F79EFBC}") = "ApplicationMVCLayer", "ApplicationMVCLayer\ApplicationMVCLayer.csproj", "{675DBF83-30A1-457B-8601-7F573C9D8C86}"
EndProject
Project("{FAE04EC0-301F-11D3-BF4B-00C04F79EFBC}") = "BLL", "BLL\BLL.csproj", "{10C5EF69-FEFE-4C43-ADAF-F85EF61C70B6}"
EndProject
Project("{FAE04EC0-301F-11D3-BF4B-00C04F79EFBC}") = "DAL", "DAL\DAL.csproj", "{F75506F4-E74E-4B08-A4B8-836ACE018BA7}"
EndProject
Project("{FAE04EC0-301F-11D3-BF4B-00C04F79EFBC}") = "ApplicationAPILayer", "ApplicationAPILayer\ApplicationAPILayer.csproj", "{945D0EF6-8402-46A1-AA33-1AC3A8C6BABB}"
EndProject
Project("{FAE04EC0-301F-11D3-BF4B-00C04F79EFBC}") = "ApplicationConsoleLayer", "ApplicationConsoleLayer\ApplicationConsoleLayer.csproj", "{8A5B1905-1C97-4797-A22C-018027473A2A}"
EndProject
Global
	GlobalSection(SolutionConfigurationPlatforms) = preSolution
		Debug|Any CPU = Debug|Any CPU
		Release|Any CPU = Release|Any CPU
	EndGlobalSection
	GlobalSection(ProjectConfigurationPlatforms) = postSolution
		{675DBF83-30A1-457B-8601-7F573C9D8C86}.Debug|Any CPU.ActiveCfg = Debug|Any CPU
		{675DBF83-30A1-457B-8601-7F573C9D8C86}.Debug|Any CPU.Build.0 = Debug|Any CPU
		{675DBF83-30A1-457B-8601-7F573C9D8C86}.Release|Any CPU.ActiveCfg = Release|Any CPU
		{675DBF83-30A1-457B-8601-7F573C9D8C86}.Release|Any CPU.Build.0 = Release|Any CPU
		{10C5EF69-FEFE-4C43-ADAF-F85EF61C70B6}.Debug|Any CPU.ActiveCfg = Debug|Any CPU
		{10C5EF69-FEFE-4C43-ADAF-F85EF61C70B6}.Debug|Any CPU.Build.0 = Debug|Any CPU
		{10C5EF69-FEFE-4C43-ADAF-F85EF61C70B6}.Release|Any CPU.ActiveCfg = Release|Any CPU
		{10C5EF69-FEFE-4C43-ADAF-F85EF61C70B6}.Release|Any CPU.Build.0 = Release|Any CPU
		{F75506F4-E74E-4B08-A4B8-836ACE018BA7}.Debug|Any CPU.ActiveCfg = Debug|Any CPU
		{F75506F4-E74E-4B08-A4B8-836ACE018BA7}.Debug|Any CPU.Build.0 = Debug|Any CPU
		{F75506F4-E74E-4B08-A4B8-836ACE018BA7}.Release|Any CPU.ActiveCfg = Release|Any CPU
		{F75506F4-E74E-4B08-A4B8-836ACE018BA7}.Release|Any CPU.Build.0 = Release|Any CPU
		{945D0EF6-8402-46A1-AA33-1AC3A8C6BABB}.Debug|Any CPU.ActiveCfg = Debug|Any CPU
		{945D0EF6-8402-46A1-AA33-1AC3A8C6BABB}.Debug|Any CPU.Build.0 = Debug|Any CPU
		{945D0EF6-8402-46A1-AA33-1AC3A8C6BABB}.Release|Any CPU.ActiveCfg = Release|Any CPU
		{945D0EF6-8402-46A1-AA33-1AC3A8C6BABB}.Release|Any CPU.Build.0 = Release|Any CPU
		{8A5B1905-1C97-4797-A22C-018027473A2A}.Debug|Any CPU.ActiveCfg = Debug|Any CPU
		{8A5B1905-1C97-4797-A22C-018027473A2A}.Debug|Any CPU.Build.0 = Debug|Any CPU
		{8A5B1905-1C97-4797-A22C-018027473A2A}.Release|Any CPU.ActiveCfg = Release|Any CPU
		{8A5B1905-1C97-4797-A22C-018027473A2A}.Release|Any CPU.Build.0 = Release|Any CPU
	EndGlobalSection
	GlobalSection(SolutionProperties) = preSolution
		HideSolutionNode = FALSE
	EndGlobalSection
	GlobalSection(ExtensibilityGlobals) = postSolution
		SolutionGuid = {E0F2902E-7395-41C6-87E5-043776DDA843}
	EndGlobalSection
EndGlobal
