
Microsoft Visual Studio Solution File, Format Version 12.00
# Visual Studio Version 17
VisualStudioVersion = 17.2.32616.157
MinimumVisualStudioVersion = 10.0.40219.1
Project("{FAE04EC0-301F-11D3-BF4B-00C04F79EFBC}") = "CodeFirstMVC", "CodeFirstMVC\CodeFirstMVC.csproj", "{30B7AD9A-2ABC-44E3-BF50-03EF044CA59B}"
EndProject
Global
	GlobalSection(SolutionConfigurationPlatforms) = preSolution
		Debug|Any CPU = Debug|Any CPU
		Release|Any CPU = Release|Any CPU
	EndGlobalSection
	GlobalSection(ProjectConfigurationPlatforms) = postSolution
		{30B7AD9A-2ABC-44E3-BF50-03EF044CA59B}.Debug|Any CPU.ActiveCfg = Debug|Any CPU
		{30B7AD9A-2ABC-44E3-BF50-03EF044CA59B}.Debug|Any CPU.Build.0 = Debug|Any CPU
		{30B7AD9A-2ABC-44E3-BF50-03EF044CA59B}.Release|Any CPU.ActiveCfg = Release|Any CPU
		{30B7AD9A-2ABC-44E3-BF50-03EF044CA59B}.Release|Any CPU.Build.0 = Release|Any CPU
	EndGlobalSection
	GlobalSection(SolutionProperties) = preSolution
		HideSolutionNode = FALSE
	EndGlobalSection
	GlobalSection(ExtensibilityGlobals) = postSolution
		SolutionGuid = {3D34FAB2-2E70-42C9-9847-BFE8565F3CD8}
	EndGlobalSection
EndGlobal
